PODS:
  - ExpandingCardView (0.1.0)
  - FBSnapshotTestCase (2.1.4):
    - FBSnapshotTestCase/SwiftSupport (= 2.1.4)
  - FBSnapshotTestCase/Core (2.1.4)
  - FBSnapshotTestCase/SwiftSupport (2.1.4):
    - FBSnapshotTestCase/Core
  - Nimble (5.1.1)
  - Nimble-Snapshots (4.4.0):
    - Nimble-Snapshots/Core (= 4.4.0)
  - Nimble-Snapshots/Core (4.4.0):
    - FBSnapshotTestCase (~> 2.0)
    - Nimble
    - Quick
  - Quick (1.0.0)

DEPENDENCIES:
  - ExpandingCardView (from `../`)
  - FBSnapshotTestCase
  - Nimble (~> 5.1.1)
  - Nimble-Snapshots
  - Quick (~> 1.0.0)

EXTERNAL SOURCES:
  ExpandingCardView:
    :path: "../"

SPEC CHECKSUMS:
  ExpandingCardView: 6acea633e95c125aff02a589d36c3c7921b6f0c6
  FBSnapshotTestCase: '094f9f314decbabe373b87cc339bea235a63e07a'
  Nimble: 415e3aa3267e7bc2c96b05fa814ddea7bb686a29
  Nimble-Snapshots: e743439f26c2fa99d8f7e0d7c01c99bcb40aa6f2
  Quick: 8024e4a47e6cc03a9d5245ef0948264fc6d27cff

PODFILE CHECKSUM: bb45df61372e6f0e366d7936287e30788df31af6

COCOAPODS: 1.2.0
